
Microsoft Visual Studio Solution File, Format Version 12.00
# Visual Studio Version 16
VisualStudioVersion = 16.0.29728.190
MinimumVisualStudioVersion = 10.0.40219.1
Project("{9A19103F-16F7-4668-BE54-9A1E7A4F7556}") = "Data", "QuizMaker\Data.csproj", "{3DF447E2-2401-4F1B-96F4-ADEF96AF633D}"
EndProject
Project("{9A19103F-16F7-4668-BE54-9A1E7A4F7556}") = "Dominio", "Domain\Dominio.csproj", "{02BFA579-FA81-406A-BB32-7D5615FAE25E}"
EndProject
Global
	GlobalSection(SolutionConfigurationPlatforms) = preSolution
		Debug|Any CPU = Debug|Any CPU
		Release|Any CPU = Release|Any CPU
	EndGlobalSection
	GlobalSection(ProjectConfigurationPlatforms) = postSolution
		{3DF447E2-2401-4F1B-96F4-ADEF96AF633D}.Debug|Any CPU.ActiveCfg = Debug|Any CPU
		{3DF447E2-2401-4F1B-96F4-ADEF96AF633D}.Debug|Any CPU.Build.0 = Debug|Any CPU
		{3DF447E2-2401-4F1B-96F4-ADEF96AF633D}.Release|Any CPU.ActiveCfg = Release|Any CPU
		{3DF447E2-2401-4F1B-96F4-ADEF96AF633D}.Release|Any CPU.Build.0 = Release|Any CPU
		{02BFA579-FA81-406A-BB32-7D5615FAE25E}.Debug|Any CPU.ActiveCfg = Debug|Any CPU
		{02BFA579-FA81-406A-BB32-7D5615FAE25E}.Debug|Any CPU.Build.0 = Debug|Any CPU
		{02BFA579-FA81-406A-BB32-7D5615FAE25E}.Release|Any CPU.ActiveCfg = Release|Any CPU
		{02BFA579-FA81-406A-BB32-7D5615FAE25E}.Release|Any CPU.Build.0 = Release|Any CPU
	EndGlobalSection
	GlobalSection(SolutionProperties) = preSolution
		HideSolutionNode = FALSE
	EndGlobalSection
	GlobalSection(ExtensibilityGlobals) = postSolution
		SolutionGuid = {B000467A-919F-4863-97B4-05DDD44065B1}
	EndGlobalSection
EndGlobal
